// !$*UTF8*$!
{
	archiveVersion = 1;
	classes = {
	};
	objectVersion = 46;
	objects = {

/* Begin PBXBuildFile section */
		A87174481350EDC300A87643 /* Cocoa.framework in Frameworks */ = {isa = PBXBuildFile; fileRef = A87174471350EDC300A87643 /* Cocoa.framework */; };
		A87174521350EDC300A87643 /* InfoPlist.strings in Resources */ = {isa = PBXBuildFile; fileRef = A87174501350EDC300A87643 /* InfoPlist.strings */; };
		A87174551350EDC300A87643 /* main.m in Sources */ = {isa = PBXBuildFile; fileRef = A87174541350EDC300A87643 /* main.m */; };
		A87174581350EDC300A87643 /* Credits.rtf in Resources */ = {isa = PBXBuildFile; fileRef = A87174561350EDC300A87643 /* Credits.rtf */; };
		A871745B1350EDC300A87643 /* BallmazeAppDelegate.m in Sources */ = {isa = PBXBuildFile; fileRef = A871745A1350EDC300A87643 /* BallmazeAppDelegate.m */; };
		A871745E1350EDC300A87643 /* MainMenu.xib in Resources */ = {isa = PBXBuildFile; fileRef = A871745C1350EDC300A87643 /* MainMenu.xib */; };
		A87174A71350F57600A87643 /* liblua.a in Frameworks */ = {isa = PBXBuildFile; fileRef = A87174A61350F57600A87643 /* liblua.a */; };
		A87174AA1350F5C100A87643 /* LuaManager.m in Sources */ = {isa = PBXBuildFile; fileRef = A87174A91350F5C100A87643 /* LuaManager.m */; };
		A87174B91351068A00A87643 /* notification.lua in Resources */ = {isa = PBXBuildFile; fileRef = A87174B81351068A00A87643 /* notification.lua */; };
/* End PBXBuildFile section */

/* Begin PBXFileReference section */
		A87174431350EDC300A87643 /* Ballmaze.app */ = {isa = PBXFileReference; explicitFileType = wrapper.application; includeInIndex = 0; path = Ballmaze.app; sourceTree = BUILT_PRODUCTS_DIR; };
		A87174471350EDC300A87643 /* Cocoa.framework */ = {isa = PBXFileReference; lastKnownFileType = wrapper.framework; name = Cocoa.framework; path = System/Library/Frameworks/Cocoa.framework; sourceTree = SDKROOT; };
		A871744A1350EDC300A87643 /* AppKit.framework */ = {isa = PBXFileReference; lastKnownFileType = wrapper.framework; name = AppKit.framework; path = System/Library/Frameworks/AppKit.framework; sourceTree = SDKROOT; };
		A871744B1350EDC300A87643 /* CoreData.framework */ = {isa = PBXFileReference; lastKnownFileType = wrapper.framework; name = CoreData.framework; path = System/Library/Frameworks/CoreData.framework; sourceTree = SDKROOT; };
		A871744C1350EDC300A87643 /* Foundation.framework */ = {isa = PBXFileReference; lastKnownFileType = wrapper.framework; name = Foundation.framework; path = System/Library/Frameworks/Foundation.framework; sourceTree = SDKROOT; };
		A871744F1350EDC300A87643 /* Ballmaze-Info.plist */ = {isa = PBXFileReference; lastKnownFileType = text.plist.xml; path = "Ballmaze-Info.plist"; sourceTree = "<group>"; };
		A87174511350EDC300A87643 /* en */ = {isa = PBXFileReference; lastKnownFileType = text.plist.strings; name = en; path = en.lproj/InfoPlist.strings; sourceTree = "<group>"; };
		A87174531350EDC300A87643 /* Ballmaze-Prefix.pch */ = {isa = PBXFileReference; lastKnownFileType = sourcecode.c.h; path = "Ballmaze-Prefix.pch"; sourceTree = "<group>"; };
		A87174541350EDC300A87643 /* main.m */ = {isa = PBXFileReference; lastKnownFileType = sourcecode.c.objc; path = main.m; sourceTree = "<group>"; };
		A87174571350EDC300A87643 /* en */ = {isa = PBXFileReference; lastKnownFileType = text.rtf; name = en; path = en.lproj/Credits.rtf; sourceTree = "<group>"; };
		A87174591350EDC300A87643 /* BallmazeAppDelegate.h */ = {isa = PBXFileReference; lastKnownFileType = sourcecode.c.h; path = BallmazeAppDelegate.h; sourceTree = "<group>"; };
		A871745A1350EDC300A87643 /* BallmazeAppDelegate.m */ = {isa = PBXFileReference; lastKnownFileType = sourcecode.c.objc; path = BallmazeAppDelegate.m; sourceTree = "<group>"; };
		A871745D1350EDC300A87643 /* en */ = {isa = PBXFileReference; lastKnownFileType = file.xib; name = en; path = en.lproj/MainMenu.xib; sourceTree = "<group>"; };
		A871748E1350F4DE00A87643 /* lapi.h */ = {isa = PBXFileReference; fileEncoding = 4; lastKnownFileType = sourcecode.c.h; path = lapi.h; sourceTree = "<group>"; };
		A871748F1350F4DF00A87643 /* lauxlib.h */ = {isa = PBXFileReference; fileEncoding = 4; lastKnownFileType = sourcecode.c.h; path = lauxlib.h; sourceTree = "<group>"; };
		A87174901350F4DF00A87643 /* lcode.h */ = {isa = PBXFileReference; fileEncoding = 4; lastKnownFileType = sourcecode.c.h; path = lcode.h; sourceTree = "<group>"; };
		A87174911350F4DF00A87643 /* ldebug.h */ = {isa = PBXFileReference; fileEncoding = 4; lastKnownFileType = sourcecode.c.h; path = ldebug.h; sourceTree = "<group>"; };
		A87174921350F4DF00A87643 /* ldo.h */ = {isa = PBXFileReference; fileEncoding = 4; lastKnownFileType = sourcecode.c.h; path = ldo.h; sourceTree = "<group>"; };
		A87174931350F4DF00A87643 /* lfunc.h */ = {isa = PBXFileReference; fileEncoding = 4; lastKnownFileType = sourcecode.c.h; path = lfunc.h; sourceTree = "<group>"; };
		A87174941350F4DF00A87643 /* lgc.h */ = {isa = PBXFileReference; fileEncoding = 4; lastKnownFileType = sourcecode.c.h; path = lgc.h; sourceTree = "<group>"; };
		A87174951350F4DF00A87643 /* llex.h */ = {isa = PBXFileReference; fileEncoding = 4; lastKnownFileType = sourcecode.c.h; path = llex.h; sourceTree = "<group>"; };
		A87174961350F4DF00A87643 /* llimits.h */ = {isa = PBXFileReference; fileEncoding = 4; lastKnownFileType = sourcecode.c.h; path = llimits.h; sourceTree = "<group>"; };
		A87174971350F4DF00A87643 /* lmem.h */ = {isa = PBXFileReference; fileEncoding = 4; lastKnownFileType = sourcecode.c.h; path = lmem.h; sourceTree = "<group>"; };
		A87174981350F4DF00A87643 /* lobject.h */ = {isa = PBXFileReference; fileEncoding = 4; lastKnownFileType = sourcecode.c.h; path = lobject.h; sourceTree = "<group>"; };
		A87174991350F4DF00A87643 /* lopcodes.h */ = {isa = PBXFileReference; fileEncoding = 4; lastKnownFileType = sourcecode.c.h; path = lopcodes.h; sourceTree = "<group>"; };
		A871749A1350F4DF00A87643 /* lparser.h */ = {isa = PBXFileReference; fileEncoding = 4; lastKnownFileType = sourcecode.c.h; path = lparser.h; sourceTree = "<group>"; };
		A871749B1350F4DF00A87643 /* lstate.h */ = {isa = PBXFileReference; fileEncoding = 4; lastKnownFileType = sourcecode.c.h; path = lstate.h; sourceTree = "<group>"; };
		A871749C1350F4DF00A87643 /* lstring.h */ = {isa = PBXFileReference; fileEncoding = 4; lastKnownFileType = sourcecode.c.h; path = lstring.h; sourceTree = "<group>"; };
		A871749D1350F4DF00A87643 /* ltable.h */ = {isa = PBXFileReference; fileEncoding = 4; lastKnownFileType = sourcecode.c.h; path = ltable.h; sourceTree = "<group>"; };
		A871749E1350F4DF00A87643 /* ltm.h */ = {isa = PBXFileReference; fileEncoding = 4; lastKnownFileType = sourcecode.c.h; path = ltm.h; sourceTree = "<group>"; };
		A871749F1350F4DF00A87643 /* lua.h */ = {isa = PBXFileReference; fileEncoding = 4; lastKnownFileType = sourcecode.c.h; path = lua.h; sourceTree = "<group>"; };
		A87174A01350F4DF00A87643 /* luaconf.h */ = {isa = PBXFileReference; fileEncoding = 4; lastKnownFileType = sourcecode.c.h; path = luaconf.h; sourceTree = "<group>"; };
		A87174A11350F4DF00A87643 /* lualib.h */ = {isa = PBXFileReference; fileEncoding = 4; lastKnownFileType = sourcecode.c.h; path = lualib.h; sourceTree = "<group>"; };
		A87174A21350F4DF00A87643 /* lundump.h */ = {isa = PBXFileReference; fileEncoding = 4; lastKnownFileType = sourcecode.c.h; path = lundump.h; sourceTree = "<group>"; };
		A87174A31350F4DF00A87643 /* lvm.h */ = {isa = PBXFileReference; fileEncoding = 4; lastKnownFileType = sourcecode.c.h; path = lvm.h; sourceTree = "<group>"; };
		A87174A41350F4DF00A87643 /* lzio.h */ = {isa = PBXFileReference; fileEncoding = 4; lastKnownFileType = sourcecode.c.h; path = lzio.h; sourceTree = "<group>"; };
		A87174A61350F57600A87643 /* liblua.a */ = {isa = PBXFileReference; lastKnownFileType = archive.ar; path = liblua.a; sourceTree = "<group>"; };
		A87174A81350F5C100A87643 /* LuaManager.h */ = {isa = PBXFileReference; fileEncoding = 4; lastKnownFileType = sourcecode.c.h; path = LuaManager.h; sourceTree = "<group>"; };
		A87174A91350F5C100A87643 /* LuaManager.m */ = {isa = PBXFileReference; fileEncoding = 4; lastKnownFileType = sourcecode.c.objc; path = LuaManager.m; sourceTree = "<group>"; };
		A87174B81351068A00A87643 /* notification.lua */ = {isa = PBXFileReference; fileEncoding = 4; lastKnownFileType = text; path = notification.lua; sourceTree = "<group>"; };
/* End PBXFileReference section */

/* Begin PBXFrameworksBuildPhase section */
		A87174401350EDC300A87643 /* Frameworks */ = {
			isa = PBXFrameworksBuildPhase;
			buildActionMask = 2147483647;
			files = (
				A87174481350EDC300A87643 /* Cocoa.framework in Frameworks */,
				A87174A71350F57600A87643 /* liblua.a in Frameworks */,
			);
			runOnlyForDeploymentPostprocessing = 0;
		};
/* End PBXFrameworksBuildPhase section */

/* Begin PBXGroup section */
		A87174381350EDC200A87643 = {
			isa = PBXGroup;
			children = (
				A87174B71351066E00A87643 /* lua */,
				A87174A61350F57600A87643 /* liblua.a */,
				A87174A51350F4EA00A87643 /* lua-headers */,
				A871744D1350EDC300A87643 /* Ballmaze */,
				A87174461350EDC300A87643 /* Frameworks */,
				A87174441350EDC300A87643 /* Products */,
			);
			sourceTree = "<group>";
		};
		A87174441350EDC300A87643 /* Products */ = {
			isa = PBXGroup;
			children = (
				A87174431350EDC300A87643 /* Ballmaze.app */,
			);
			name = Products;
			sourceTree = "<group>";
		};
		A87174461350EDC300A87643 /* Frameworks */ = {
			isa = PBXGroup;
			children = (
				A87174471350EDC300A87643 /* Cocoa.framework */,
				A87174491350EDC300A87643 /* Other Frameworks */,
			);
			name = Frameworks;
			sourceTree = "<group>";
		};
		A87174491350EDC300A87643 /* Other Frameworks */ = {
			isa = PBXGroup;
			children = (
				A871744A1350EDC300A87643 /* AppKit.framework */,
				A871744B1350EDC300A87643 /* CoreData.framework */,
				A871744C1350EDC300A87643 /* Foundation.framework */,
			);
			name = "Other Frameworks";
			sourceTree = "<group>";
		};
		A871744D1350EDC300A87643 /* Ballmaze */ = {
			isa = PBXGroup;
			children = (
				A87174A81350F5C100A87643 /* LuaManager.h */,
				A87174A91350F5C100A87643 /* LuaManager.m */,
				A87174591350EDC300A87643 /* BallmazeAppDelegate.h */,
				A871745A1350EDC300A87643 /* BallmazeAppDelegate.m */,
				A871745C1350EDC300A87643 /* MainMenu.xib */,
				A871744E1350EDC300A87643 /* Supporting Files */,
			);
			path = Ballmaze;
			sourceTree = "<group>";
		};
		A871744E1350EDC300A87643 /* Supporting Files */ = {
			isa = PBXGroup;
			children = (
				A871744F1350EDC300A87643 /* Ballmaze-Info.plist */,
				A87174501350EDC300A87643 /* InfoPlist.strings */,
				A87174531350EDC300A87643 /* Ballmaze-Prefix.pch */,
				A87174541350EDC300A87643 /* main.m */,
				A87174561350EDC300A87643 /* Credits.rtf */,
			);
			name = "Supporting Files";
			sourceTree = "<group>";
		};
		A87174A51350F4EA00A87643 /* lua-headers */ = {
			isa = PBXGroup;
			children = (
				A871748E1350F4DE00A87643 /* lapi.h */,
				A871748F1350F4DF00A87643 /* lauxlib.h */,
				A87174901350F4DF00A87643 /* lcode.h */,
				A87174911350F4DF00A87643 /* ldebug.h */,
				A87174921350F4DF00A87643 /* ldo.h */,
				A87174931350F4DF00A87643 /* lfunc.h */,
				A87174941350F4DF00A87643 /* lgc.h */,
				A87174951350F4DF00A87643 /* llex.h */,
				A87174961350F4DF00A87643 /* llimits.h */,
				A87174971350F4DF00A87643 /* lmem.h */,
				A87174981350F4DF00A87643 /* lobject.h */,
				A87174991350F4DF00A87643 /* lopcodes.h */,
				A871749A1350F4DF00A87643 /* lparser.h */,
				A871749B1350F4DF00A87643 /* lstate.h */,
				A871749C1350F4DF00A87643 /* lstring.h */,
				A871749D1350F4DF00A87643 /* ltable.h */,
				A871749E1350F4DF00A87643 /* ltm.h */,
				A871749F1350F4DF00A87643 /* lua.h */,
				A87174A01350F4DF00A87643 /* luaconf.h */,
				A87174A11350F4DF00A87643 /* lualib.h */,
				A87174A21350F4DF00A87643 /* lundump.h */,
				A87174A31350F4DF00A87643 /* lvm.h */,
				A87174A41350F4DF00A87643 /* lzio.h */,
			);
			name = "lua-headers";
			sourceTree = "<group>";
		};
		A87174B71351066E00A87643 /* lua */ = {
			isa = PBXGroup;
			children = (
				A87174B81351068A00A87643 /* notification.lua */,
			);
			name = lua;
			sourceTree = "<group>";
		};
/* End PBXGroup section */

/* Begin PBXNativeTarget section */
		A87174421350EDC300A87643 /* Ballmaze */ = {
			isa = PBXNativeTarget;
			buildConfigurationList = A87174611350EDC300A87643 /* Build configuration list for PBXNativeTarget "Ballmaze" */;
			buildPhases = (
				A871743F1350EDC300A87643 /* Sources */,
				A87174401350EDC300A87643 /* Frameworks */,
				A87174411350EDC300A87643 /* Resources */,
			);
			buildRules = (
			);
			dependencies = (
			);
			name = Ballmaze;
			productName = Ballmaze;
			productReference = A87174431350EDC300A87643 /* Ballmaze.app */;
			productType = "com.apple.product-type.application";
		};
/* End PBXNativeTarget section */

/* Begin PBXProject section */
		A871743A1350EDC200A87643 /* Project object */ = {
			isa = PBXProject;
			attributes = {
				ORGANIZATIONNAME = Home;
			};
			buildConfigurationList = A871743D1350EDC200A87643 /* Build configuration list for PBXProject "Ballmaze" */;
			compatibilityVersion = "Xcode 3.2";
			developmentRegion = English;
			hasScannedForEncodings = 0;
			knownRegions = (
				en,
			);
			mainGroup = A87174381350EDC200A87643;
			productRefGroup = A87174441350EDC300A87643 /* Products */;
			projectDirPath = "";
			projectRoot = "";
			targets = (
				A87174421350EDC300A87643 /* Ballmaze */,
			);
		};
/* End PBXProject section */

/* Begin PBXResourcesBuildPhase section */
		A87174411350EDC300A87643 /* Resources */ = {
			isa = PBXResourcesBuildPhase;
			buildActionMask = 2147483647;
			files = (
				A87174521350EDC300A87643 /* InfoPlist.strings in Resources */,
				A87174581350EDC300A87643 /* Credits.rtf in Resources */,
				A871745E1350EDC300A87643 /* MainMenu.xib in Resources */,
				A87174B91351068A00A87643 /* notification.lua in Resources */,
			);
			runOnlyForDeploymentPostprocessing = 0;
		};
/* End PBXResourcesBuildPhase section */

/* Begin PBXSourcesBuildPhase section */
		A871743F1350EDC300A87643 /* Sources */ = {
			isa = PBXSourcesBuildPhase;
			buildActionMask = 2147483647;
			files = (
				A87174551350EDC300A87643 /* main.m in Sources */,
				A871745B1350EDC300A87643 /* BallmazeAppDelegate.m in Sources */,
				A87174AA1350F5C100A87643 /* LuaManager.m in Sources */,
			);
			runOnlyForDeploymentPostprocessing = 0;
		};
/* End PBXSourcesBuildPhase section */

/* Begin PBXVariantGroup section */
		A87174501350EDC300A87643 /* InfoPlist.strings */ = {
			isa = PBXVariantGroup;
			children = (
				A87174511350EDC300A87643 /* en */,
			);
			name = InfoPlist.strings;
			sourceTree = "<group>";
		};
		A87174561350EDC300A87643 /* Credits.rtf */ = {
			isa = PBXVariantGroup;
			children = (
				A87174571350EDC300A87643 /* en */,
			);
			name = Credits.rtf;
			sourceTree = "<group>";
		};
		A871745C1350EDC300A87643 /* MainMenu.xib */ = {
			isa = PBXVariantGroup;
			children = (
				A871745D1350EDC300A87643 /* en */,
			);
			name = MainMenu.xib;
			sourceTree = "<group>";
		};
/* End PBXVariantGroup section */

/* Begin XCBuildConfiguration section */
		A871745F1350EDC300A87643 /* Debug */ = {
			isa = XCBuildConfiguration;
			buildSettings = {
				ARCHS = "$(ARCHS_STANDARD_32_64_BIT)";
				GCC_C_LANGUAGE_STANDARD = gnu99;
				GCC_OPTIMIZATION_LEVEL = 0;
				GCC_PREPROCESSOR_DEFINITIONS = DEBUG;
				GCC_SYMBOLS_PRIVATE_EXTERN = NO;
				GCC_VERSION = com.apple.compilers.llvm.clang.1_0;
				GCC_WARN_64_TO_32_BIT_CONVERSION = YES;
				GCC_WARN_ABOUT_RETURN_TYPE = YES;
				GCC_WARN_UNUSED_VARIABLE = YES;
				MACOSX_DEPLOYMENT_TARGET = 10.6;
				ONLY_ACTIVE_ARCH = YES;
				SDKROOT = macosx;
			};
			name = Debug;
		};
		A87174601350EDC300A87643 /* Release */ = {
			isa = XCBuildConfiguration;
			buildSettings = {
				ARCHS = "$(ARCHS_STANDARD_32_64_BIT)";
				GCC_C_LANGUAGE_STANDARD = gnu99;
				GCC_VERSION = com.apple.compilers.llvm.clang.1_0;
				GCC_WARN_64_TO_32_BIT_CONVERSION = YES;
				GCC_WARN_ABOUT_RETURN_TYPE = YES;
				GCC_WARN_UNUSED_VARIABLE = YES;
				MACOSX_DEPLOYMENT_TARGET = 10.6;
				SDKROOT = macosx;
			};
			name = Release;
		};
		A87174621350EDC300A87643 /* Debug */ = {
			isa = XCBuildConfiguration;
			buildSettings = {
				ALWAYS_SEARCH_USER_PATHS = NO;
				COPY_PHASE_STRIP = NO;
				GCC_DYNAMIC_NO_PIC = NO;
				GCC_ENABLE_OBJC_EXCEPTIONS = YES;
				GCC_PRECOMPILE_PREFIX_HEADER = YES;
				GCC_PREFIX_HEADER = "Ballmaze/Ballmaze-Prefix.pch";
				INFOPLIST_FILE = "Ballmaze/Ballmaze-Info.plist";
				LIBRARY_SEARCH_PATHS = (
					"$(inherited)",
					"\"$(SRCROOT)\"",
				);
				PRODUCT_NAME = "$(TARGET_NAME)";
				WRAPPER_EXTENSION = app;
			};
			name = Debug;
		};
		A87174631350EDC300A87643 /* Release */ = {
			isa = XCBuildConfiguration;
			buildSettings = {
				ALWAYS_SEARCH_USER_PATHS = NO;
				COPY_PHASE_STRIP = YES;
				DEBUG_INFORMATION_FORMAT = "dwarf-with-dsym";
				GCC_ENABLE_OBJC_EXCEPTIONS = YES;
				GCC_PRECOMPILE_PREFIX_HEADER = YES;
				GCC_PREFIX_HEADER = "Ballmaze/Ballmaze-Prefix.pch";
				INFOPLIST_FILE = "Ballmaze/Ballmaze-Info.plist";
				LIBRARY_SEARCH_PATHS = (
					"$(inherited)",
					"\"$(SRCROOT)\"",
				);
				PRODUCT_NAME = "$(TARGET_NAME)";
				WRAPPER_EXTENSION = app;
			};
			name = Release;
		};
/* End XCBuildConfiguration section */

/* Begin XCConfigurationList section */
		A871743D1350EDC200A87643 /* Build configuration list for PBXProject "Ballmaze" */ = {
			isa = XCConfigurationList;
			buildConfigurations = (
				A871745F1350EDC300A87643 /* Debug */,
				A87174601350EDC300A87643 /* Release */,
			);
			defaultConfigurationIsVisible = 0;
			defaultConfigurationName = Release;
		};
		A87174611350EDC300A87643 /* Build configuration list for PBXNativeTarget "Ballmaze" */ = {
			isa = XCConfigurationList;
			buildConfigurations = (
				A87174621350EDC300A87643 /* Debug */,
				A87174631350EDC300A87643 /* Release */,
			);
			defaultConfigurationIsVisible = 0;
			defaultConfigurationName = Release;
		};
/* End XCConfigurationList section */
	};
	rootObject = A871743A1350EDC200A87643 /* Project object */;
}
